
Microsoft Visual Studio Solution File, Format Version 12.00
# Visual Studio 14
VisualStudioVersion = 14.0.23107.0
MinimumVisualStudioVersion = 10.0.40219.1
Project("{FAE04EC0-301F-11D3-BF4B-00C04F79EFBC}") = "SOCJT 2", "SOCJT 2\SOCJT 2.csproj", "{ABCCF1D0-BDE8-433C-AB61-A7869E29532A}"
EndProject
Project("{FAE04EC0-301F-11D3-BF4B-00C04F79EFBC}") = "ALGLIB", "ALGLIB\ALGLIB.csproj", "{4FB3D319-6652-44D2-BADD-A91399BDE40F}"
EndProject
Project("{FAE04EC0-301F-11D3-BF4B-00C04F79EFBC}") = "Lanczos", "Lanczos\Lanczos.csproj", "{5BEA7E2C-FEDD-453A-AC14-3D95BAC117DA}"
EndProject
Project("{FAE04EC0-301F-11D3-BF4B-00C04F79EFBC}") = "FileIO", "FileIO\FileIO.csproj", "{7DB9B89A-AAD4-43A4-A4C1-90D8C2E0D731}"
EndProject
Project("{FAE04EC0-301F-11D3-BF4B-00C04F79EFBC}") = "MathLibrary", "MathLibrary\MathLibrary.csproj", "{2927F724-4C8D-48B0-8AB8-1AE5A7214B92}"
EndProject
Project("{FAE04EC0-301F-11D3-BF4B-00C04F79EFBC}") = "UnitTestProject1", "UnitTestProject1\UnitTestProject1.csproj", "{D084B086-13F4-48FB-980E-965B60168C94}"
EndProject
Project("{FAE04EC0-301F-11D3-BF4B-00C04F79EFBC}") = "Utilities", "ExceptionLibrary\Utilities.csproj", "{97278FAF-ED59-4AA4-820E-412796C1342B}"
EndProject
Global
	GlobalSection(SolutionConfigurationPlatforms) = preSolution
		Debug|Any CPU = Debug|Any CPU
		Debug|ARM = Debug|ARM
		Debug|x64 = Debug|x64
		Debug|x86 = Debug|x86
		Release|Any CPU = Release|Any CPU
		Release|ARM = Release|ARM
		Release|x64 = Release|x64
		Release|x86 = Release|x86
	EndGlobalSection
	GlobalSection(ProjectConfigurationPlatforms) = postSolution
		{ABCCF1D0-BDE8-433C-AB61-A7869E29532A}.Debug|Any CPU.ActiveCfg = Debug|Any CPU
		{ABCCF1D0-BDE8-433C-AB61-A7869E29532A}.Debug|Any CPU.Build.0 = Debug|Any CPU
		{ABCCF1D0-BDE8-433C-AB61-A7869E29532A}.Debug|ARM.ActiveCfg = Debug|Any CPU
		{ABCCF1D0-BDE8-433C-AB61-A7869E29532A}.Debug|ARM.Build.0 = Debug|Any CPU
		{ABCCF1D0-BDE8-433C-AB61-A7869E29532A}.Debug|x64.ActiveCfg = Debug|x64
		{ABCCF1D0-BDE8-433C-AB61-A7869E29532A}.Debug|x64.Build.0 = Debug|x64
		{ABCCF1D0-BDE8-433C-AB61-A7869E29532A}.Debug|x86.ActiveCfg = Debug|x86
		{ABCCF1D0-BDE8-433C-AB61-A7869E29532A}.Debug|x86.Build.0 = Debug|x86
		{ABCCF1D0-BDE8-433C-AB61-A7869E29532A}.Release|Any CPU.ActiveCfg = Release|Any CPU
		{ABCCF1D0-BDE8-433C-AB61-A7869E29532A}.Release|Any CPU.Build.0 = Release|Any CPU
		{ABCCF1D0-BDE8-433C-AB61-A7869E29532A}.Release|ARM.ActiveCfg = Release|Any CPU
		{ABCCF1D0-BDE8-433C-AB61-A7869E29532A}.Release|ARM.Build.0 = Release|Any CPU
		{ABCCF1D0-BDE8-433C-AB61-A7869E29532A}.Release|x64.ActiveCfg = Release|x86
		{ABCCF1D0-BDE8-433C-AB61-A7869E29532A}.Release|x64.Build.0 = Release|x86
		{ABCCF1D0-BDE8-433C-AB61-A7869E29532A}.Release|x86.ActiveCfg = Release|x86
		{ABCCF1D0-BDE8-433C-AB61-A7869E29532A}.Release|x86.Build.0 = Release|x86
		{4FB3D319-6652-44D2-BADD-A91399BDE40F}.Debug|Any CPU.ActiveCfg = Debug|Any CPU
		{4FB3D319-6652-44D2-BADD-A91399BDE40F}.Debug|Any CPU.Build.0 = Debug|Any CPU
		{4FB3D319-6652-44D2-BADD-A91399BDE40F}.Debug|ARM.ActiveCfg = Debug|Any CPU
		{4FB3D319-6652-44D2-BADD-A91399BDE40F}.Debug|ARM.Build.0 = Debug|Any CPU
		{4FB3D319-6652-44D2-BADD-A91399BDE40F}.Debug|x64.ActiveCfg = Debug|Any CPU
		{4FB3D319-6652-44D2-BADD-A91399BDE40F}.Debug|x64.Build.0 = Debug|Any CPU
		{4FB3D319-6652-44D2-BADD-A91399BDE40F}.Debug|x86.ActiveCfg = Debug|Any CPU
		{4FB3D319-6652-44D2-BADD-A91399BDE40F}.Debug|x86.Build.0 = Debug|Any CPU
		{4FB3D319-6652-44D2-BADD-A91399BDE40F}.Release|Any CPU.ActiveCfg = Release|Any CPU
		{4FB3D319-6652-44D2-BADD-A91399BDE40F}.Release|Any CPU.Build.0 = Release|Any CPU
		{4FB3D319-6652-44D2-BADD-A91399BDE40F}.Release|ARM.ActiveCfg = Release|Any CPU
		{4FB3D319-6652-44D2-BADD-A91399BDE40F}.Release|ARM.Build.0 = Release|Any CPU
		{4FB3D319-6652-44D2-BADD-A91399BDE40F}.Release|x64.ActiveCfg = Release|Any CPU
		{4FB3D319-6652-44D2-BADD-A91399BDE40F}.Release|x64.Build.0 = Release|Any CPU
		{4FB3D319-6652-44D2-BADD-A91399BDE40F}.Release|x86.ActiveCfg = Release|Any CPU
		{4FB3D319-6652-44D2-BADD-A91399BDE40F}.Release|x86.Build.0 = Release|Any CPU
		{5BEA7E2C-FEDD-453A-AC14-3D95BAC117DA}.Debug|Any CPU.ActiveCfg = Debug|Any CPU
		{5BEA7E2C-FEDD-453A-AC14-3D95BAC117DA}.Debug|Any CPU.Build.0 = Debug|Any CPU
		{5BEA7E2C-FEDD-453A-AC14-3D95BAC117DA}.Debug|ARM.ActiveCfg = Debug|Any CPU
		{5BEA7E2C-FEDD-453A-AC14-3D95BAC117DA}.Debug|ARM.Build.0 = Debug|Any CPU
		{5BEA7E2C-FEDD-453A-AC14-3D95BAC117DA}.Debug|x64.ActiveCfg = Debug|Any CPU
		{5BEA7E2C-FEDD-453A-AC14-3D95BAC117DA}.Debug|x64.Build.0 = Debug|Any CPU
		{5BEA7E2C-FEDD-453A-AC14-3D95BAC117DA}.Debug|x86.ActiveCfg = Debug|Any CPU
		{5BEA7E2C-FEDD-453A-AC14-3D95BAC117DA}.Debug|x86.Build.0 = Debug|Any CPU
		{5BEA7E2C-FEDD-453A-AC14-3D95BAC117DA}.Release|Any CPU.ActiveCfg = Release|Any CPU
		{5BEA7E2C-FEDD-453A-AC14-3D95BAC117DA}.Release|Any CPU.Build.0 = Release|Any CPU
		{5BEA7E2C-FEDD-453A-AC14-3D95BAC117DA}.Release|ARM.ActiveCfg = Release|Any CPU
		{5BEA7E2C-FEDD-453A-AC14-3D95BAC117DA}.Release|ARM.Build.0 = Release|Any CPU
		{5BEA7E2C-FEDD-453A-AC14-3D95BAC117DA}.Release|x64.ActiveCfg = Release|Any CPU
		{5BEA7E2C-FEDD-453A-AC14-3D95BAC117DA}.Release|x64.Build.0 = Release|Any CPU
		{5BEA7E2C-FEDD-453A-AC14-3D95BAC117DA}.Release|x86.ActiveCfg = Release|Any CPU
		{5BEA7E2C-FEDD-453A-AC14-3D95BAC117DA}.Release|x86.Build.0 = Release|Any CPU
		{7DB9B89A-AAD4-43A4-A4C1-90D8C2E0D731}.Debug|Any CPU.ActiveCfg = Debug|Any CPU
		{7DB9B89A-AAD4-43A4-A4C1-90D8C2E0D731}.Debug|Any CPU.Build.0 = Debug|Any CPU
		{7DB9B89A-AAD4-43A4-A4C1-90D8C2E0D731}.Debug|ARM.ActiveCfg = Debug|Any CPU
		{7DB9B89A-AAD4-43A4-A4C1-90D8C2E0D731}.Debug|ARM.Build.0 = Debug|Any CPU
		{7DB9B89A-AAD4-43A4-A4C1-90D8C2E0D731}.Debug|x64.ActiveCfg = Debug|Any CPU
		{7DB9B89A-AAD4-43A4-A4C1-90D8C2E0D731}.Debug|x64.Build.0 = Debug|Any CPU
		{7DB9B89A-AAD4-43A4-A4C1-90D8C2E0D731}.Debug|x86.ActiveCfg = Debug|Any CPU
		{7DB9B89A-AAD4-43A4-A4C1-90D8C2E0D731}.Debug|x86.Build.0 = Debug|Any CPU
		{7DB9B89A-AAD4-43A4-A4C1-90D8C2E0D731}.Release|Any CPU.ActiveCfg = Release|Any CPU
		{7DB9B89A-AAD4-43A4-A4C1-90D8C2E0D731}.Release|Any CPU.Build.0 = Release|Any CPU
		{7DB9B89A-AAD4-43A4-A4C1-90D8C2E0D731}.Release|ARM.ActiveCfg = Release|Any CPU
		{7DB9B89A-AAD4-43A4-A4C1-90D8C2E0D731}.Release|ARM.Build.0 = Release|Any CPU
		{7DB9B89A-AAD4-43A4-A4C1-90D8C2E0D731}.Release|x64.ActiveCfg = Release|Any CPU
		{7DB9B89A-AAD4-43A4-A4C1-90D8C2E0D731}.Release|x64.Build.0 = Release|Any CPU
		{7DB9B89A-AAD4-43A4-A4C1-90D8C2E0D731}.Release|x86.ActiveCfg = Release|Any CPU
		{7DB9B89A-AAD4-43A4-A4C1-90D8C2E0D731}.Release|x86.Build.0 = Release|Any CPU
		{2927F724-4C8D-48B0-8AB8-1AE5A7214B92}.Debug|Any CPU.ActiveCfg = Debug|Any CPU
		{2927F724-4C8D-48B0-8AB8-1AE5A7214B92}.Debug|Any CPU.Build.0 = Debug|Any CPU
		{2927F724-4C8D-48B0-8AB8-1AE5A7214B92}.Debug|ARM.ActiveCfg = Debug|Any CPU
		{2927F724-4C8D-48B0-8AB8-1AE5A7214B92}.Debug|ARM.Build.0 = Debug|Any CPU
		{2927F724-4C8D-48B0-8AB8-1AE5A7214B92}.Debug|x64.ActiveCfg = Debug|Any CPU
		{2927F724-4C8D-48B0-8AB8-1AE5A7214B92}.Debug|x64.Build.0 = Debug|Any CPU
		{2927F724-4C8D-48B0-8AB8-1AE5A7214B92}.Debug|x86.ActiveCfg = Debug|Any CPU
		{2927F724-4C8D-48B0-8AB8-1AE5A7214B92}.Debug|x86.Build.0 = Debug|Any CPU
		{2927F724-4C8D-48B0-8AB8-1AE5A7214B92}.Release|Any CPU.ActiveCfg = Release|Any CPU
		{2927F724-4C8D-48B0-8AB8-1AE5A7214B92}.Release|Any CPU.Build.0 = Release|Any CPU
		{2927F724-4C8D-48B0-8AB8-1AE5A7214B92}.Release|ARM.ActiveCfg = Release|Any CPU
		{2927F724-4C8D-48B0-8AB8-1AE5A7214B92}.Release|ARM.Build.0 = Release|Any CPU
		{2927F724-4C8D-48B0-8AB8-1AE5A7214B92}.Release|x64.ActiveCfg = Release|Any CPU
		{2927F724-4C8D-48B0-8AB8-1AE5A7214B92}.Release|x64.Build.0 = Release|Any CPU
		{2927F724-4C8D-48B0-8AB8-1AE5A7214B92}.Release|x86.ActiveCfg = Release|Any CPU
		{2927F724-4C8D-48B0-8AB8-1AE5A7214B92}.Release|x86.Build.0 = Release|Any CPU
		{D084B086-13F4-48FB-980E-965B60168C94}.Debug|Any CPU.ActiveCfg = Debug|Any CPU
		{D084B086-13F4-48FB-980E-965B60168C94}.Debug|Any CPU.Build.0 = Debug|Any CPU
		{D084B086-13F4-48FB-980E-965B60168C94}.Debug|ARM.ActiveCfg = Debug|Any CPU
		{D084B086-13F4-48FB-980E-965B60168C94}.Debug|ARM.Build.0 = Debug|Any CPU
		{D084B086-13F4-48FB-980E-965B60168C94}.Debug|x64.ActiveCfg = Debug|Any CPU
		{D084B086-13F4-48FB-980E-965B60168C94}.Debug|x64.Build.0 = Debug|Any CPU
		{D084B086-13F4-48FB-980E-965B60168C94}.Debug|x86.ActiveCfg = Debug|Any CPU
		{D084B086-13F4-48FB-980E-965B60168C94}.Debug|x86.Build.0 = Debug|Any CPU
		{D084B086-13F4-48FB-980E-965B60168C94}.Release|Any CPU.ActiveCfg = Release|Any CPU
		{D084B086-13F4-48FB-980E-965B60168C94}.Release|Any CPU.Build.0 = Release|Any CPU
		{D084B086-13F4-48FB-980E-965B60168C94}.Release|ARM.ActiveCfg = Release|Any CPU
		{D084B086-13F4-48FB-980E-965B60168C94}.Release|ARM.Build.0 = Release|Any CPU
		{D084B086-13F4-48FB-980E-965B60168C94}.Release|x64.ActiveCfg = Release|Any CPU
		{D084B086-13F4-48FB-980E-965B60168C94}.Release|x64.Build.0 = Release|Any CPU
		{D084B086-13F4-48FB-980E-965B60168C94}.Release|x86.ActiveCfg = Release|Any CPU
		{D084B086-13F4-48FB-980E-965B60168C94}.Release|x86.Build.0 = Release|Any CPU
		{97278FAF-ED59-4AA4-820E-412796C1342B}.Debug|Any CPU.ActiveCfg = Debug|Any CPU
		{97278FAF-ED59-4AA4-820E-412796C1342B}.Debug|Any CPU.Build.0 = Debug|Any CPU
		{97278FAF-ED59-4AA4-820E-412796C1342B}.Debug|ARM.ActiveCfg = Debug|Any CPU
		{97278FAF-ED59-4AA4-820E-412796C1342B}.Debug|ARM.Build.0 = Debug|Any CPU
		{97278FAF-ED59-4AA4-820E-412796C1342B}.Debug|x64.ActiveCfg = Debug|Any CPU
		{97278FAF-ED59-4AA4-820E-412796C1342B}.Debug|x64.Build.0 = Debug|Any CPU
		{97278FAF-ED59-4AA4-820E-412796C1342B}.Debug|x86.ActiveCfg = Debug|Any CPU
		{97278FAF-ED59-4AA4-820E-412796C1342B}.Debug|x86.Build.0 = Debug|Any CPU
		{97278FAF-ED59-4AA4-820E-412796C1342B}.Release|Any CPU.ActiveCfg = Release|Any CPU
		{97278FAF-ED59-4AA4-820E-412796C1342B}.Release|Any CPU.Build.0 = Release|Any CPU
		{97278FAF-ED59-4AA4-820E-412796C1342B}.Release|ARM.ActiveCfg = Release|Any CPU
		{97278FAF-ED59-4AA4-820E-412796C1342B}.Release|ARM.Build.0 = Release|Any CPU
		{97278FAF-ED59-4AA4-820E-412796C1342B}.Release|x64.ActiveCfg = Release|Any CPU
		{97278FAF-ED59-4AA4-820E-412796C1342B}.Release|x64.Build.0 = Release|Any CPU
		{97278FAF-ED59-4AA4-820E-412796C1342B}.Release|x86.ActiveCfg = Release|Any CPU
		{97278FAF-ED59-4AA4-820E-412796C1342B}.Release|x86.Build.0 = Release|Any CPU
	EndGlobalSection
	GlobalSection(SolutionProperties) = preSolution
		HideSolutionNode = FALSE
	EndGlobalSection
EndGlobal
